
Microsoft Visual Studio Solution File, Format Version 12.00
# Visual Studio 2012
Project("{A0786B88-2ADB-4C21-ABE8-AA2D79766269}") = "YiiMessageBoardDemo", "YiiMessageBoardDemo\YiiMessageBoardDemo.phpproj", "{9D03747D-65FA-49EA-99E2-50077EE936D8}"
EndProject
Global
	GlobalSection(SolutionConfigurationPlatforms) = preSolution
		Debug|Any CPU = Debug|Any CPU
		Release|Any CPU = Release|Any CPU
	EndGlobalSection
	GlobalSection(ProjectConfigurationPlatforms) = postSolution
		{9D03747D-65FA-49EA-99E2-50077EE936D8}.Debug|Any CPU.ActiveCfg = Debug|Any CPU
		{9D03747D-65FA-49EA-99E2-50077EE936D8}.Debug|Any CPU.Build.0 = Debug|Any CPU
		{9D03747D-65FA-49EA-99E2-50077EE936D8}.Release|Any CPU.ActiveCfg = Release|Any CPU
		{9D03747D-65FA-49EA-99E2-50077EE936D8}.Release|Any CPU.Build.0 = Release|Any CPU
	EndGlobalSection
	GlobalSection(SolutionProperties) = preSolution
		HideSolutionNode = FALSE
	EndGlobalSection
EndGlobal
